dependencies:
  esp_lcd_touch:
    dependencies: []
    source:
      path: /home/emmanuelhiatus/ContadorDeFuros/components/esp_lcd_touch
      type: local
    version: 1.1.2
  idf:
    source:
      type: idf
    version: 6.1.0
  lvgl:
    dependencies: []
    source:
      path: /home/emmanuelhiatus/ContadorDeFuros/components/lvgl
      type: local
    version: 9.4.0
direct_dependencies:
- espressif/esp_lcd_touch
- idf
- lvgl/lvgl
manifest_hash: 2df4960145a09696c9e0026284f98948847475a7a0c1e9499e434698f2b0d9a3
target: esp32s3
version: 2.0.0
